
Microsoft Visual Studio Solution File, Format Version 12.00
# Visual Studio 14
VisualStudioVersion = 14.0.25123.0
MinimumVisualStudioVersion = 10.0.40219.1
Project("{9C2C009F-0022-4810-95DE-F047FD14C82E}") = "Sitecore.Support.95319", "Sitecore.Support.95319\Sitecore.Support.95319.csproj", "{C293ABBB-76CB-49CA-873D-4DAE41A32842}"
EndProject
Global
	GlobalSection(SolutionConfigurationPlatforms) = preSolution
		Debug|Any CPU = Debug|Any CPU
		Release|Any CPU = Release|Any CPU
	EndGlobalSection
	GlobalSection(ProjectConfigurationPlatforms) = postSolution
		{C293ABBB-76CB-49CA-873D-4DAE41A32842}.Debug|Any CPU.ActiveCfg = Debug|Any CPU
		{C293ABBB-76CB-49CA-873D-4DAE41A32842}.Debug|Any CPU.Build.0 = Debug|Any CPU
		{C293ABBB-76CB-49CA-873D-4DAE41A32842}.Release|Any CPU.ActiveCfg = Release|Any CPU
		{C293ABBB-76CB-49CA-873D-4DAE41A32842}.Release|Any CPU.Build.0 = Release|Any CPU
	EndGlobalSection
	GlobalSection(SolutionProperties) = preSolution
		HideSolutionNode = FALSE
	EndGlobalSection
EndGlobal
